// !$*UTF8*$!
{
	archiveVersion = 1;
	classes = {
	};
	objectVersion = 50;
	objects = {

/* Begin PBXBuildFile section */
		F3D9C8692287FBD600179A24 /* AppDelegate.swift in Sources */ = {isa = PBXBuildFile; fileRef = F3D9C8682287FBD600179A24 /* AppDelegate.swift */; };
		F3D9C86B2287FBD600179A24 /* ViewController.swift in Sources */ = {isa = PBXBuildFile; fileRef = F3D9C86A2287FBD600179A24 /* ViewController.swift */; };
		F3D9C86E2287FBD600179A24 /* Main.storyboard in Resources */ = {isa = PBXBuildFile; fileRef = F3D9C86C2287FBD600179A24 /* Main.storyboard */; };
		F3D9C8712287FBD600179A24 /* MOB_2_1_CheatSheet.xcdatamodeld in Sources */ = {isa = PBXBuildFile; fileRef = F3D9C86F2287FBD600179A24 /* MOB_2_1_CheatSheet.xcdatamodeld */; };
		F3D9C8732287FBD800179A24 /* Assets.xcassets in Resources */ = {isa = PBXBuildFile; fileRef = F3D9C8722287FBD800179A24 /* Assets.xcassets */; };
		F3D9C8762287FBD800179A24 /* LaunchScreen.storyboard in Resources */ = {isa = PBXBuildFile; fileRef = F3D9C8742287FBD800179A24 /* LaunchScreen.storyboard */; };
		F3D9C8812287FBD800179A24 /* MOB_2_1_CheatSheetTests.swift in Sources */ = {isa = PBXBuildFile; fileRef = F3D9C8802287FBD800179A24 /* MOB_2_1_CheatSheetTests.swift */; };
		F3D9C88C2287FDA000179A24 /* PlistVC.swift in Sources */ = {isa = PBXBuildFile; fileRef = F3D9C88B2287FDA000179A24 /* PlistVC.swift */; };
		F3D9C88E2288014A00179A24 /* Item.plist in Resources */ = {isa = PBXBuildFile; fileRef = F3D9C88D2288014A00179A24 /* Item.plist */; };
/* End PBXBuildFile section */

/* Begin PBXContainerItemProxy section */
		F3D9C87D2287FBD800179A24 /* PBXContainerItemProxy */ = {
			isa = PBXContainerItemProxy;
			containerPortal = F3D9C85D2287FBD600179A24 /* Project object */;
			proxyType = 1;
			remoteGlobalIDString = F3D9C8642287FBD600179A24;
			remoteInfo = "MOB-2.1-CheatSheet";
		};
/* End PBXContainerItemProxy section */

/* Begin PBXFileReference section */
		F3D9C8652287FBD600179A24 /* MOB-2.1-CheatSheet.app */ = {isa = PBXFileReference; explicitFileType = wrapper.application; includeInIndex = 0; path = "MOB-2.1-CheatSheet.app"; sourceTree = BUILT_PRODUCTS_DIR; };
		F3D9C8682287FBD600179A24 /* AppDelegate.swift */ = {isa = PBXFileReference; lastKnownFileType = sourcecode.swift; path = AppDelegate.swift; sourceTree = "<group>"; };
		F3D9C86A2287FBD600179A24 /* ViewController.swift */ = {isa = PBXFileReference; lastKnownFileType = sourcecode.swift; path = ViewController.swift; sourceTree = "<group>"; };
		F3D9C86D2287FBD600179A24 /* Base */ = {isa = PBXFileReference; lastKnownFileType = file.storyboard; name = Base; path = Base.lproj/Main.storyboard; sourceTree = "<group>"; };
		F3D9C8702287FBD600179A24 /* MOB_2_1_CheatSheet.xcdatamodel */ = {isa = PBXFileReference; lastKnownFileType = wrapper.xcdatamodel; path = MOB_2_1_CheatSheet.xcdatamodel; sourceTree = "<group>"; };
		F3D9C8722287FBD800179A24 /* Assets.xcassets */ = {isa = PBXFileReference; lastKnownFileType = folder.assetcatalog; path = Assets.xcassets; sourceTree = "<group>"; };
		F3D9C8752287FBD800179A24 /* Base */ = {isa = PBXFileReference; lastKnownFileType = file.storyboard; name = Base; path = Base.lproj/LaunchScreen.storyboard; sourceTree = "<group>"; };
		F3D9C8772287FBD800179A24 /* Info.plist */ = {isa = PBXFileReference; lastKnownFileType = text.plist.xml; path = Info.plist; sourceTree = "<group>"; };
		F3D9C87C2287FBD800179A24 /* MOB-2.1-CheatSheetTests.xctest */ = {isa = PBXFileReference; explicitFileType = wrapper.cfbundle; includeInIndex = 0; path = "MOB-2.1-CheatSheetTests.xctest"; sourceTree = BUILT_PRODUCTS_DIR; };
		F3D9C8802287FBD800179A24 /* MOB_2_1_CheatSheetTests.swift */ = {isa = PBXFileReference; lastKnownFileType = sourcecode.swift; path = MOB_2_1_CheatSheetTests.swift; sourceTree = "<group>"; };
		F3D9C8822287FBD800179A24 /* Info.plist */ = {isa = PBXFileReference; lastKnownFileType = text.plist.xml; path = Info.plist; sourceTree = "<group>"; };
		F3D9C88B2287FDA000179A24 /* PlistVC.swift */ = {isa = PBXFileReference; lastKnownFileType = sourcecode.swift; path = PlistVC.swift; sourceTree = "<group>"; };
		F3D9C88D2288014A00179A24 /* Item.plist */ = {isa = PBXFileReference; lastKnownFileType = text.plist.xml; path = Item.plist; sourceTree = "<group>"; };
/* End PBXFileReference section */

/* Begin PBXFrameworksBuildPhase section */
		F3D9C8622287FBD600179A24 /* Frameworks */ = {
			isa = PBXFrameworksBuildPhase;
			buildActionMask = 2147483647;
			files = (
			);
			runOnlyForDeploymentPostprocessing = 0;
		};
		F3D9C8792287FBD800179A24 /* Frameworks */ = {
			isa = PBXFrameworksBuildPhase;
			buildActionMask = 2147483647;
			files = (
			);
			runOnlyForDeploymentPostprocessing = 0;
		};
/* End PBXFrameworksBuildPhase section */

/* Begin PBXGroup section */
		F3D9C85C2287FBD600179A24 = {
			isa = PBXGroup;
			children = (
				F3D9C8672287FBD600179A24 /* MOB-2.1-CheatSheet */,
				F3D9C87F2287FBD800179A24 /* MOB-2.1-CheatSheetTests */,
				F3D9C8662287FBD600179A24 /* Products */,
			);
			sourceTree = "<group>";
		};
		F3D9C8662287FBD600179A24 /* Products */ = {
			isa = PBXGroup;
			children = (
				F3D9C8652287FBD600179A24 /* MOB-2.1-CheatSheet.app */,
				F3D9C87C2287FBD800179A24 /* MOB-2.1-CheatSheetTests.xctest */,
			);
			name = Products;
			sourceTree = "<group>";
		};
		F3D9C8672287FBD600179A24 /* MOB-2.1-CheatSheet */ = {
			isa = PBXGroup;
			children = (
				F3D9C8682287FBD600179A24 /* AppDelegate.swift */,
				F3D9C86A2287FBD600179A24 /* ViewController.swift */,
				F3D9C88B2287FDA000179A24 /* PlistVC.swift */,
				F3D9C86C2287FBD600179A24 /* Main.storyboard */,
				F3D9C8722287FBD800179A24 /* Assets.xcassets */,
				F3D9C8742287FBD800179A24 /* LaunchScreen.storyboard */,
				F3D9C8772287FBD800179A24 /* Info.plist */,
				F3D9C88D2288014A00179A24 /* Item.plist */,
				F3D9C86F2287FBD600179A24 /* MOB_2_1_CheatSheet.xcdatamodeld */,
			);
			path = "MOB-2.1-CheatSheet";
			sourceTree = "<group>";
		};
		F3D9C87F2287FBD800179A24 /* MOB-2.1-CheatSheetTests */ = {
			isa = PBXGroup;
			children = (
				F3D9C8802287FBD800179A24 /* MOB_2_1_CheatSheetTests.swift */,
				F3D9C8822287FBD800179A24 /* Info.plist */,
			);
			path = "MOB-2.1-CheatSheetTests";
			sourceTree = "<group>";
		};
/* End PBXGroup section */

/* Begin PBXNativeTarget section */
		F3D9C8642287FBD600179A24 /* MOB-2.1-CheatSheet */ = {
			isa = PBXNativeTarget;
			buildConfigurationList = F3D9C8852287FBD800179A24 /* Build configuration list for PBXNativeTarget "MOB-2.1-CheatSheet" */;
			buildPhases = (
				F3D9C8612287FBD600179A24 /* Sources */,
				F3D9C8622287FBD600179A24 /* Frameworks */,
				F3D9C8632287FBD600179A24 /* Resources */,
			);
			buildRules = (
			);
			dependencies = (
			);
			name = "MOB-2.1-CheatSheet";
			productName = "MOB-2.1-CheatSheet";
			productReference = F3D9C8652287FBD600179A24 /* MOB-2.1-CheatSheet.app */;
			productType = "com.apple.product-type.application";
		};
		F3D9C87B2287FBD800179A24 /* MOB-2.1-CheatSheetTests */ = {
			isa = PBXNativeTarget;
			buildConfigurationList = F3D9C8882287FBD800179A24 /* Build configuration list for PBXNativeTarget "MOB-2.1-CheatSheetTests" */;
			buildPhases = (
				F3D9C8782287FBD800179A24 /* Sources */,
				F3D9C8792287FBD800179A24 /* Frameworks */,
				F3D9C87A2287FBD800179A24 /* Resources */,
			);
			buildRules = (
			);
			dependencies = (
				F3D9C87E2287FBD800179A24 /* PBXTargetDependency */,
			);
			name = "MOB-2.1-CheatSheetTests";
			productName = "MOB-2.1-CheatSheetTests";
			productReference = F3D9C87C2287FBD800179A24 /* MOB-2.1-CheatSheetTests.xctest */;
			productType = "com.apple.product-type.bundle.unit-test";
		};
/* End PBXNativeTarget section */

/* Begin PBXProject section */
		F3D9C85D2287FBD600179A24 /* Project object */ = {
			isa = PBXProject;
			attributes = {
				LastSwiftUpdateCheck = 1020;
				LastUpgradeCheck = 1020;
				ORGANIZATIONNAME = "Timofey Makhlay";
				TargetAttributes = {
					F3D9C8642287FBD600179A24 = {
						CreatedOnToolsVersion = 10.2.1;
					};
					F3D9C87B2287FBD800179A24 = {
						CreatedOnToolsVersion = 10.2.1;
						TestTargetID = F3D9C8642287FBD600179A24;
					};
				};
			};
			buildConfigurationList = F3D9C8602287FBD600179A24 /* Build configuration list for PBXProject "MOB-2.1-CheatSheet" */;
			compatibilityVersion = "Xcode 9.3";
			developmentRegion = en;
			hasScannedForEncodings = 0;
			knownRegions = (
				en,
				Base,
			);
			mainGroup = F3D9C85C2287FBD600179A24;
			productRefGroup = F3D9C8662287FBD600179A24 /* Products */;
			projectDirPath = "";
			projectRoot = "";
			targets = (
				F3D9C8642287FBD600179A24 /* MOB-2.1-CheatSheet */,
				F3D9C87B2287FBD800179A24 /* MOB-2.1-CheatSheetTests */,
			);
		};
/* End PBXProject section */

/* Begin PBXResourcesBuildPhase section */
		F3D9C8632287FBD600179A24 /* Resources */ = {
			isa = PBXResourcesBuildPhase;
			buildActionMask = 2147483647;
			files = (
				F3D9C8762287FBD800179A24 /* LaunchScreen.storyboard in Resources */,
				F3D9C8732287FBD800179A24 /* Assets.xcassets in Resources */,
				F3D9C86E2287FBD600179A24 /* Main.storyboard in Resources */,
				F3D9C88E2288014A00179A24 /* Item.plist in Resources */,
			);
			runOnlyForDeploymentPostprocessing = 0;
		};
		F3D9C87A2287FBD800179A24 /* Resources */ = {
			isa = PBXResourcesBuildPhase;
			buildActionMask = 2147483647;
			files = (
			);
			runOnlyForDeploymentPostprocessing = 0;
		};
/* End PBXResourcesBuildPhase section */

/* Begin PBXSourcesBuildPhase section */
		F3D9C8612287FBD600179A24 /* Sources */ = {
			isa = PBXSourcesBuildPhase;
			buildActionMask = 2147483647;
			files = (
				F3D9C8712287FBD600179A24 /* MOB_2_1_CheatSheet.xcdatamodeld in Sources */,
				F3D9C86B2287FBD600179A24 /* ViewController.swift in Sources */,
				F3D9C88C2287FDA000179A24 /* PlistVC.swift in Sources */,
				F3D9C8692287FBD600179A24 /* AppDelegate.swift in Sources */,
			);
			runOnlyForDeploymentPostprocessing = 0;
		};
		F3D9C8782287FBD800179A24 /* Sources */ = {
			isa = PBXSourcesBuildPhase;
			buildActionMask = 2147483647;
			files = (
				F3D9C8812287FBD800179A24 /* MOB_2_1_CheatSheetTests.swift in Sources */,
			);
			runOnlyForDeploymentPostprocessing = 0;
		};
/* End PBXSourcesBuildPhase section */

/* Begin PBXTargetDependency section */
		F3D9C87E2287FBD800179A24 /* PBXTargetDependency */ = {
			isa = PBXTargetDependency;
			target = F3D9C8642287FBD600179A24 /* MOB-2.1-CheatSheet */;
			targetProxy = F3D9C87D2287FBD800179A24 /* PBXContainerItemProxy */;
		};
/* End PBXTargetDependency section */

/* Begin PBXVariantGroup section */
		F3D9C86C2287FBD600179A24 /* Main.storyboard */ = {
			isa = PBXVariantGroup;
			children = (
				F3D9C86D2287FBD600179A24 /* Base */,
			);
			name = Main.storyboard;
			sourceTree = "<group>";
		};
		F3D9C8742287FBD800179A24 /* LaunchScreen.storyboard */ = {
			isa = PBXVariantGroup;
			children = (
				F3D9C8752287FBD800179A24 /* Base */,
			);
			name = LaunchScreen.storyboard;
			sourceTree = "<group>";
		};
/* End PBXVariantGroup section */

/* Begin XCBuildConfiguration section */
		F3D9C8832287FBD800179A24 /* Debug */ = {
			isa = XCBuildConfiguration;
			buildSettings = {
				ALWAYS_SEARCH_USER_PATHS = NO;
				CLANG_ANALYZER_NONNULL = YES;
				CLANG_ANALYZER_NUMBER_OBJECT_CONVERSION = YES_AGGRESSIVE;
				CLANG_CXX_LANGUAGE_STANDARD = "gnu++14";
				CLANG_CXX_LIBRARY = "libc++";
				CLANG_ENABLE_MODULES = YES;
				CLANG_ENABLE_OBJC_ARC = YES;
				CLANG_ENABLE_OBJC_WEAK = YES;
				CLANG_WARN_BLOCK_CAPTURE_AUTORELEASING = YES;
				CLANG_WARN_BOOL_CONVERSION = YES;
				CLANG_WARN_COMMA = YES;
				CLANG_WARN_CONSTANT_CONVERSION = YES;
				CLANG_WARN_DEPRECATED_OBJC_IMPLEMENTATIONS = YES;
				CLANG_WARN_DIRECT_OBJC_ISA_USAGE = YES_ERROR;
				CLANG_WARN_DOCUMENTATION_COMMENTS = YES;
				CLANG_WARN_EMPTY_BODY = YES;
				CLANG_WARN_ENUM_CONVERSION = YES;
				CLANG_WARN_INFINITE_RECURSION = YES;
				CLANG_WARN_INT_CONVERSION = YES;
				CLANG_WARN_NON_LITERAL_NULL_CONVERSION = YES;
				CLANG_WARN_OBJC_IMPLICIT_RETAIN_SELF = YES;
				CLANG_WARN_OBJC_LITERAL_CONVERSION = YES;
				CLANG_WARN_OBJC_ROOT_CLASS = YES_ERROR;
				CLANG_WARN_RANGE_LOOP_ANALYSIS = YES;
				CLANG_WARN_STRICT_PROTOTYPES = YES;
				CLANG_WARN_SUSPICIOUS_MOVE = YES;
				CLANG_WARN_UNGUARDED_AVAILABILITY = YES_AGGRESSIVE;
				CLANG_WARN_UNREACHABLE_CODE = YES;
				CLANG_WARN__DUPLICATE_METHOD_MATCH = YES;
				CODE_SIGN_IDENTITY = "iPhone Developer";
				COPY_PHASE_STRIP = NO;
				DEBUG_INFORMATION_FORMAT = dwarf;
				ENABLE_STRICT_OBJC_MSGSEND = YES;
				ENABLE_TESTABILITY = YES;
				GCC_C_LANGUAGE_STANDARD = gnu11;
				GCC_DYNAMIC_NO_PIC = NO;
				GCC_NO_COMMON_BLOCKS = YES;
				GCC_OPTIMIZATION_LEVEL = 0;
				GCC_PREPROCESSOR_DEFINITIONS = (
					"DEBUG=1",
					"$(inherited)",
				);
				GCC_WARN_64_TO_32_BIT_CONVERSION = YES;
				GCC_WARN_ABOUT_RETURN_TYPE = YES_ERROR;
				GCC_WARN_UNDECLARED_SELECTOR = YES;
				GCC_WARN_UNINITIALIZED_AUTOS = YES_AGGRESSIVE;
				GCC_WARN_UNUSED_FUNCTION = YES;
				GCC_WARN_UNUSED_VARIABLE = YES;
				IPHONEOS_DEPLOYMENT_TARGET = 12.2;
				MTL_ENABLE_DEBUG_INFO = INCLUDE_SOURCE;
				MTL_FAST_MATH = YES;
				ONLY_ACTIVE_ARCH = YES;
				SDKROOT = iphoneos;
				SWIFT_ACTIVE_COMPILATION_CONDITIONS = DEBUG;
				SWIFT_OPTIMIZATION_LEVEL = "-Onone";
			};
			name = Debug;
		};
		F3D9C8842287FBD800179A24 /* Release */ = {
			isa = XCBuildConfiguration;
			buildSettings = {
				ALWAYS_SEARCH_USER_PATHS = NO;
				CLANG_ANALYZER_NONNULL = YES;
				CLANG_ANALYZER_NUMBER_OBJECT_CONVERSION = YES_AGGRESSIVE;
				CLANG_CXX_LANGUAGE_STANDARD = "gnu++14";
				CLANG_CXX_LIBRARY = "libc++";
				CLANG_ENABLE_MODULES = YES;
				CLANG_ENABLE_OBJC_ARC = YES;
				CLANG_ENABLE_OBJC_WEAK = YES;
				CLANG_WARN_BLOCK_CAPTURE_AUTORELEASING = YES;
				CLANG_WARN_BOOL_CONVERSION = YES;
				CLANG_WARN_COMMA = YES;
				CLANG_WARN_CONSTANT_CONVERSION = YES;
				CLANG_WARN_DEPRECATED_OBJC_IMPLEMENTATIONS = YES;
				CLANG_WARN_DIRECT_OBJC_ISA_USAGE = YES_ERROR;
				CLANG_WARN_DOCUMENTATION_COMMENTS = YES;
				CLANG_WARN_EMPTY_BODY = YES;
				CLANG_WARN_ENUM_CONVERSION = YES;
				CLANG_WARN_INFINITE_RECURSION = YES;
				CLANG_WARN_INT_CONVERSION = YES;
				CLANG_WARN_NON_LITERAL_NULL_CONVERSION = YES;
				CLANG_WARN_OBJC_IMPLICIT_RETAIN_SELF = YES;
				CLANG_WARN_OBJC_LITERAL_CONVERSION = YES;
				CLANG_WARN_OBJC_ROOT_CLASS = YES_ERROR;
				CLANG_WARN_RANGE_LOOP_ANALYSIS = YES;
				CLANG_WARN_STRICT_PROTOTYPES = YES;
				CLANG_WARN_SUSPICIOUS_MOVE = YES;
				CLANG_WARN_UNGUARDED_AVAILABILITY = YES_AGGRESSIVE;
				CLANG_WARN_UNREACHABLE_CODE = YES;
				CLANG_WARN__DUPLICATE_METHOD_MATCH = YES;
				CODE_SIGN_IDENTITY = "iPhone Developer";
				COPY_PHASE_STRIP = NO;
				DEBUG_INFORMATION_FORMAT = "dwarf-with-dsym";
				ENABLE_NS_ASSERTIONS = NO;
				ENABLE_STRICT_OBJC_MSGSEND = YES;
				GCC_C_LANGUAGE_STANDARD = gnu11;
				GCC_NO_COMMON_BLOCKS = YES;
				GCC_WARN_64_TO_32_BIT_CONVERSION = YES;
				GCC_WARN_ABOUT_RETURN_TYPE = YES_ERROR;
				GCC_WARN_UNDECLARED_SELECTOR = YES;
				GCC_WARN_UNINITIALIZED_AUTOS = YES_AGGRESSIVE;
				GCC_WARN_UNUSED_FUNCTION = YES;
				GCC_WARN_UNUSED_VARIABLE = YES;
				IPHONEOS_DEPLOYMENT_TARGET = 12.2;
				MTL_ENABLE_DEBUG_INFO = NO;
				MTL_FAST_MATH = YES;
				SDKROOT = iphoneos;
				SWIFT_COMPILATION_MODE = wholemodule;
				SWIFT_OPTIMIZATION_LEVEL = "-O";
				VALIDATE_PRODUCT = YES;
			};
			name = Release;
		};
		F3D9C8862287FBD800179A24 /* Debug */ = {
			isa = XCBuildConfiguration;
			buildSettings = {
				ASSETCATALOG_COMPILER_APPICON_NAME = AppIcon;
				CODE_SIGN_STYLE = Automatic;
				DEVELOPMENT_TEAM = SAZ2DLKCVY;
				INFOPLIST_FILE = "MOB-2.1-CheatSheet/Info.plist";
				LD_RUNPATH_SEARCH_PATHS = (
					"$(inherited)",
					"@executable_path/Frameworks",
				);
				PRODUCT_BUNDLE_IDENTIFIER = "Timofey-Makhlay.MOB-2-1-CheatSheet";
				PRODUCT_NAME = "$(TARGET_NAME)";
				SWIFT_VERSION = 5.0;
				TARGETED_DEVICE_FAMILY = "1,2";
			};
			name = Debug;
		};
		F3D9C8872287FBD800179A24 /* Release */ = {
			isa = XCBuildConfiguration;
			buildSettings = {
				ASSETCATALOG_COMPILER_APPICON_NAME = AppIcon;
				CODE_SIGN_STYLE = Automatic;
				DEVELOPMENT_TEAM = SAZ2DLKCVY;
				INFOPLIST_FILE = "MOB-2.1-CheatSheet/Info.plist";
				LD_RUNPATH_SEARCH_PATHS = (
					"$(inherited)",
					"@executable_path/Frameworks",
				);
				PRODUCT_BUNDLE_IDENTIFIER = "Timofey-Makhlay.MOB-2-1-CheatSheet";
				PRODUCT_NAME = "$(TARGET_NAME)";
				SWIFT_VERSION = 5.0;
				TARGETED_DEVICE_FAMILY = "1,2";
			};
			name = Release;
		};
		F3D9C8892287FBD800179A24 /* Debug */ = {
			isa = XCBuildConfiguration;
			buildSettings = {
				ALWAYS_EMBED_SWIFT_STANDARD_LIBRARIES = YES;
				BUNDLE_LOADER = "$(TEST_HOST)";
				CODE_SIGN_STYLE = Automatic;
				DEVELOPMENT_TEAM = SAZ2DLKCVY;
				INFOPLIST_FILE = "MOB-2.1-CheatSheetTests/Info.plist";
				LD_RUNPATH_SEARCH_PATHS = (
					"$(inherited)",
					"@executable_path/Frameworks",
					"@loader_path/Frameworks",
				);
				PRODUCT_BUNDLE_IDENTIFIER = "Timofey-Makhlay.MOB-2-1-CheatSheetTests";
				PRODUCT_NAME = "$(TARGET_NAME)";
				SWIFT_VERSION = 5.0;
				TARGETED_DEVICE_FAMILY = "1,2";
				TEST_HOST = "$(BUILT_PRODUCTS_DIR)/MOB-2.1-CheatSheet.app/MOB-2.1-CheatSheet";
			};
			name = Debug;
		};
		F3D9C88A2287FBD800179A24 /* Release */ = {
			isa = XCBuildConfiguration;
			buildSettings = {
				ALWAYS_EMBED_SWIFT_STANDARD_LIBRARIES = YES;
				BUNDLE_LOADER = "$(TEST_HOST)";
				CODE_SIGN_STYLE = Automatic;
				DEVELOPMENT_TEAM = SAZ2DLKCVY;
				INFOPLIST_FILE = "MOB-2.1-CheatSheetTests/Info.plist";
				LD_RUNPATH_SEARCH_PATHS = (
					"$(inherited)",
					"@executable_path/Frameworks",
					"@loader_path/Frameworks",
				);
				PRODUCT_BUNDLE_IDENTIFIER = "Timofey-Makhlay.MOB-2-1-CheatSheetTests";
				PRODUCT_NAME = "$(TARGET_NAME)";
				SWIFT_VERSION = 5.0;
				TARGETED_DEVICE_FAMILY = "1,2";
				TEST_HOST = "$(BUILT_PRODUCTS_DIR)/MOB-2.1-CheatSheet.app/MOB-2.1-CheatSheet";
			};
			name = Release;
		};
/* End XCBuildConfiguration section */

/* Begin XCConfigurationList section */
		F3D9C8602287FBD600179A24 /* Build configuration list for PBXProject "MOB-2.1-CheatSheet" */ = {
			isa = XCConfigurationList;
			buildConfigurations = (
				F3D9C8832287FBD800179A24 /* Debug */,
				F3D9C8842287FBD800179A24 /* Release */,
			);
			defaultConfigurationIsVisible = 0;
			defaultConfigurationName = Release;
		};
		F3D9C8852287FBD800179A24 /* Build configuration list for PBXNativeTarget "MOB-2.1-CheatSheet" */ = {
			isa = XCConfigurationList;
			buildConfigurations = (
				F3D9C8862287FBD800179A24 /* Debug */,
				F3D9C8872287FBD800179A24 /* Release */,
			);
			defaultConfigurationIsVisible = 0;
			defaultConfigurationName = Release;
		};
		F3D9C8882287FBD800179A24 /* Build configuration list for PBXNativeTarget "MOB-2.1-CheatSheetTests" */ = {
			isa = XCConfigurationList;
			buildConfigurations = (
				F3D9C8892287FBD800179A24 /* Debug */,
				F3D9C88A2287FBD800179A24 /* Release */,
			);
			defaultConfigurationIsVisible = 0;
			defaultConfigurationName = Release;
		};
/* End XCConfigurationList section */

/* Begin XCVersionGroup section */
		F3D9C86F2287FBD600179A24 /* MOB_2_1_CheatSheet.xcdatamodeld */ = {
			isa = XCVersionGroup;
			children = (
				F3D9C8702287FBD600179A24 /* MOB_2_1_CheatSheet.xcdatamodel */,
			);
			currentVersion = F3D9C8702287FBD600179A24 /* MOB_2_1_CheatSheet.xcdatamodel */;
			path = MOB_2_1_CheatSheet.xcdatamodeld;
			sourceTree = "<group>";
			versionGroupType = wrapper.xcdatamodel;
		};
/* End XCVersionGroup section */
	};
	rootObject = F3D9C85D2287FBD600179A24 /* Project object */;
}
